
Microsoft Visual Studio Solution File, Format Version 12.00
# Visual Studio Version 16
VisualStudioVersion = 16.0.30621.155
MinimumVisualStudioVersion = 10.0.40219.1
Project("{FAE04EC0-301F-11D3-BF4B-00C04F79EFBC}") = "AdminTableProject", "AdminTableProject\AdminTableProject.csproj", "{392A71AF-1F1A-482B-B337-FF47DEC20789}"
EndProject
Global
	GlobalSection(SolutionConfigurationPlatforms) = preSolution
		Debug|Any CPU = Debug|Any CPU
		Release|Any CPU = Release|Any CPU
	EndGlobalSection
	GlobalSection(ProjectConfigurationPlatforms) = postSolution
		{392A71AF-1F1A-482B-B337-FF47DEC20789}.Debug|Any CPU.ActiveCfg = Debug|Any CPU
		{392A71AF-1F1A-482B-B337-FF47DEC20789}.Debug|Any CPU.Build.0 = Debug|Any CPU
		{392A71AF-1F1A-482B-B337-FF47DEC20789}.Release|Any CPU.ActiveCfg = Release|Any CPU
		{392A71AF-1F1A-482B-B337-FF47DEC20789}.Release|Any CPU.Build.0 = Release|Any CPU
	EndGlobalSection
	GlobalSection(SolutionProperties) = preSolution
		HideSolutionNode = FALSE
	EndGlobalSection
	GlobalSection(ExtensibilityGlobals) = postSolution
		SolutionGuid = {23E647CE-F55D-487A-8FF9-7B5563304487}
	EndGlobalSection
EndGlobal
